
Microsoft Visual Studio Solution File, Format Version 12.00
# Visual Studio Version 17
VisualStudioVersion = 17.5.002.0
MinimumVisualStudioVersion = 10.0.40219.1
Project("{9A19103F-16F7-4668-BE54-9A1E7A4F7556}") = "DesafioProjetoHospedagem", "DesafioProjetoHospedagem.csproj", "{74D65A73-5F3D-42EE-BBA2-759F6E58A217}"
EndProject
Global
	GlobalSection(SolutionConfigurationPlatforms) = preSolution
		Debug|Any CPU = Debug|Any CPU
		Release|Any CPU = Release|Any CPU
	EndGlobalSection
	GlobalSection(ProjectConfigurationPlatforms) = postSolution
		{74D65A73-5F3D-42EE-BBA2-759F6E58A217}.Debug|Any CPU.ActiveCfg = Debug|Any CPU
		{74D65A73-5F3D-42EE-BBA2-759F6E58A217}.Debug|Any CPU.Build.0 = Debug|Any CPU
		{74D65A73-5F3D-42EE-BBA2-759F6E58A217}.Release|Any CPU.ActiveCfg = Release|Any CPU
		{74D65A73-5F3D-42EE-BBA2-759F6E58A217}.Release|Any CPU.Build.0 = Release|Any CPU
	EndGlobalSection
	GlobalSection(SolutionProperties) = preSolution
		HideSolutionNode = FALSE
	EndGlobalSection
	GlobalSection(ExtensibilityGlobals) = postSolution
		SolutionGuid = {A8E5FF4C-AA47-469A-8DFB-AE81E0D4BD2B}
	EndGlobalSection
EndGlobal
